
Microsoft Visual Studio Solution File, Format Version 12.00
# Visual Studio Version 17
VisualStudioVersion = 17.10.35013.160
MinimumVisualStudioVersion = 10.0.40219.1
Project("{FAE04EC0-301F-11D3-BF4B-00C04F79EFBC}") = "ExpenseTrackingApp.Core", "ExpenseTrackingApp.Core\ExpenseTrackingApp.Core.csproj", "{9F371F2E-B11A-4C0D-8945-FE7BF9A32C05}"
EndProject
Project("{FAE04EC0-301F-11D3-BF4B-00C04F79EFBC}") = "ExpenseTrackingApp.Infrastructure", "ExpenseTrackingApp.Infrastructure\ExpenseTrackingApp.Infrastructure.csproj", "{46B8235D-D4DC-435A-AD6D-F8425A7FB21A}"
EndProject
Project("{FAE04EC0-301F-11D3-BF4B-00C04F79EFBC}") = "ExpenseTrackingApp.Web", "ExpenseTrackingApp.Web\ExpenseTrackingApp.Web.csproj", "{8D78CD09-4E38-4D8E-87F1-EC4459E1F911}"
EndProject
Global
	GlobalSection(SolutionConfigurationPlatforms) = preSolution
		Debug|Any CPU = Debug|Any CPU
		Release|Any CPU = Release|Any CPU
	EndGlobalSection
	GlobalSection(ProjectConfigurationPlatforms) = postSolution
		{9F371F2E-B11A-4C0D-8945-FE7BF9A32C05}.Debug|Any CPU.ActiveCfg = Debug|Any CPU
		{9F371F2E-B11A-4C0D-8945-FE7BF9A32C05}.Debug|Any CPU.Build.0 = Debug|Any CPU
		{9F371F2E-B11A-4C0D-8945-FE7BF9A32C05}.Release|Any CPU.ActiveCfg = Release|Any CPU
		{9F371F2E-B11A-4C0D-8945-FE7BF9A32C05}.Release|Any CPU.Build.0 = Release|Any CPU
		{46B8235D-D4DC-435A-AD6D-F8425A7FB21A}.Debug|Any CPU.ActiveCfg = Debug|Any CPU
		{46B8235D-D4DC-435A-AD6D-F8425A7FB21A}.Debug|Any CPU.Build.0 = Debug|Any CPU
		{46B8235D-D4DC-435A-AD6D-F8425A7FB21A}.Release|Any CPU.ActiveCfg = Release|Any CPU
		{46B8235D-D4DC-435A-AD6D-F8425A7FB21A}.Release|Any CPU.Build.0 = Release|Any CPU
		{8D78CD09-4E38-4D8E-87F1-EC4459E1F911}.Debug|Any CPU.ActiveCfg = Debug|Any CPU
		{8D78CD09-4E38-4D8E-87F1-EC4459E1F911}.Debug|Any CPU.Build.0 = Debug|Any CPU
		{8D78CD09-4E38-4D8E-87F1-EC4459E1F911}.Release|Any CPU.ActiveCfg = Release|Any CPU
		{8D78CD09-4E38-4D8E-87F1-EC4459E1F911}.Release|Any CPU.Build.0 = Release|Any CPU
	EndGlobalSection
	GlobalSection(SolutionProperties) = preSolution
		HideSolutionNode = FALSE
	EndGlobalSection
	GlobalSection(ExtensibilityGlobals) = postSolution
		SolutionGuid = {EB973F8F-0326-4CC9-97CE-CFE007F86ED7}
	EndGlobalSection
EndGlobal
